
Microsoft Visual Studio Solution File, Format Version 12.00
# Visual Studio Version 16
VisualStudioVersion = 16.0.33801.447
MinimumVisualStudioVersion = 10.0.40219.1
Project("{FAE04EC0-301F-11D3-BF4B-00C04F79EFBC}") = "ProblemSolving", "ProblemSolving\ProblemSolving.csproj", "{7A7B06E3-0920-4ED9-A1C5-40600EB08227}"
EndProject
Global
	GlobalSection(SolutionConfigurationPlatforms) = preSolution
		Debug|Any CPU = Debug|Any CPU
		Release|Any CPU = Release|Any CPU
	EndGlobalSection
	GlobalSection(ProjectConfigurationPlatforms) = postSolution
		{7A7B06E3-0920-4ED9-A1C5-40600EB08227}.Debug|Any CPU.ActiveCfg = Debug|Any CPU
		{7A7B06E3-0920-4ED9-A1C5-40600EB08227}.Debug|Any CPU.Build.0 = Debug|Any CPU
		{7A7B06E3-0920-4ED9-A1C5-40600EB08227}.Release|Any CPU.ActiveCfg = Release|Any CPU
		{7A7B06E3-0920-4ED9-A1C5-40600EB08227}.Release|Any CPU.Build.0 = Release|Any CPU
	EndGlobalSection
	GlobalSection(SolutionProperties) = preSolution
		HideSolutionNode = FALSE
	EndGlobalSection
	GlobalSection(ExtensibilityGlobals) = postSolution
		SolutionGuid = {3A3BF06A-A3A6-4789-AF96-CE5F425CA2CA}
	EndGlobalSection
EndGlobal
