
Microsoft Visual Studio Solution File, Format Version 12.00
# Visual Studio Version 17
VisualStudioVersion = 17.7.34018.315
MinimumVisualStudioVersion = 10.0.40219.1
Project("{FAE04EC0-301F-11D3-BF4B-00C04F79EFBC}") = "CA_LINQ_EF", "CA_LINQ_EF\CA_LINQ_EF.csproj", "{FD050E49-91B9-436E-8005-BD30AC19995E}"
EndProject
Global
	GlobalSection(SolutionConfigurationPlatforms) = preSolution
		Debug|Any CPU = Debug|Any CPU
		Release|Any CPU = Release|Any CPU
	EndGlobalSection
	GlobalSection(ProjectConfigurationPlatforms) = postSolution
		{FD050E49-91B9-436E-8005-BD30AC19995E}.Debug|Any CPU.ActiveCfg = Debug|Any CPU
		{FD050E49-91B9-436E-8005-BD30AC19995E}.Debug|Any CPU.Build.0 = Debug|Any CPU
		{FD050E49-91B9-436E-8005-BD30AC19995E}.Release|Any CPU.ActiveCfg = Release|Any CPU
		{FD050E49-91B9-436E-8005-BD30AC19995E}.Release|Any CPU.Build.0 = Release|Any CPU
	EndGlobalSection
	GlobalSection(SolutionProperties) = preSolution
		HideSolutionNode = FALSE
	EndGlobalSection
	GlobalSection(ExtensibilityGlobals) = postSolution
		SolutionGuid = {6AB7760B-C270-4EDE-93DC-65D2710F87AE}
	EndGlobalSection
EndGlobal
